
Microsoft Visual Studio Solution File, Format Version 12.00
# Visual Studio Version 17
VisualStudioVersion = 17.4.33213.308
MinimumVisualStudioVersion = 10.0.40219.1
Project("{FAE04EC0-301F-11D3-BF4B-00C04F79EFBC}") = "Polymorphism", "Polymorphism\Polymorphism.csproj", "{4BA2BFEE-86D9-48C9-A4E6-21E94272F5BA}"
EndProject
Global
	GlobalSection(SolutionConfigurationPlatforms) = preSolution
		Debug|Any CPU = Debug|Any CPU
		Release|Any CPU = Release|Any CPU
	EndGlobalSection
	GlobalSection(ProjectConfigurationPlatforms) = postSolution
		{4BA2BFEE-86D9-48C9-A4E6-21E94272F5BA}.Debug|Any CPU.ActiveCfg = Debug|Any CPU
		{4BA2BFEE-86D9-48C9-A4E6-21E94272F5BA}.Debug|Any CPU.Build.0 = Debug|Any CPU
		{4BA2BFEE-86D9-48C9-A4E6-21E94272F5BA}.Release|Any CPU.ActiveCfg = Release|Any CPU
		{4BA2BFEE-86D9-48C9-A4E6-21E94272F5BA}.Release|Any CPU.Build.0 = Release|Any CPU
	EndGlobalSection
	GlobalSection(SolutionProperties) = preSolution
		HideSolutionNode = FALSE
	EndGlobalSection
	GlobalSection(ExtensibilityGlobals) = postSolution
		SolutionGuid = {CFD78D62-CED3-4DDF-8BB2-1F477AAB9D85}
	EndGlobalSection
EndGlobal
