
Microsoft Visual Studio Solution File, Format Version 12.00
# Visual Studio Version 17
VisualStudioVersion = 17.4.33403.182
MinimumVisualStudioVersion = 10.0.40219.1
Project("{FAE04EC0-301F-11D3-BF4B-00C04F79EFBC}") = "Array", "Array\Array.csproj", "{AEEEB5CA-534A-4AEF-BEF8-9FFA1DC9EE2E}"
EndProject
Global
	GlobalSection(SolutionConfigurationPlatforms) = preSolution
		Debug|Any CPU = Debug|Any CPU
		Release|Any CPU = Release|Any CPU
	EndGlobalSection
	GlobalSection(ProjectConfigurationPlatforms) = postSolution
		{AEEEB5CA-534A-4AEF-BEF8-9FFA1DC9EE2E}.Debug|Any CPU.ActiveCfg = Debug|Any CPU
		{AEEEB5CA-534A-4AEF-BEF8-9FFA1DC9EE2E}.Debug|Any CPU.Build.0 = Debug|Any CPU
		{AEEEB5CA-534A-4AEF-BEF8-9FFA1DC9EE2E}.Release|Any CPU.ActiveCfg = Release|Any CPU
		{AEEEB5CA-534A-4AEF-BEF8-9FFA1DC9EE2E}.Release|Any CPU.Build.0 = Release|Any CPU
	EndGlobalSection
	GlobalSection(SolutionProperties) = preSolution
		HideSolutionNode = FALSE
	EndGlobalSection
	GlobalSection(ExtensibilityGlobals) = postSolution
		SolutionGuid = {BF6A26A8-AA8C-45FF-A545-8D5C34592F11}
	EndGlobalSection
EndGlobal
