
Microsoft Visual Studio Solution File, Format Version 12.00
# Visual Studio Version 17
VisualStudioVersion = 17.4.33213.308
MinimumVisualStudioVersion = 10.0.40219.1
Project("{FAE04EC0-301F-11D3-BF4B-00C04F79EFBC}") = "Flab", "Flab\Flab.csproj", "{8372549C-1999-4019-89A2-B6BC37291A66}"
EndProject
Global
	GlobalSection(SolutionConfigurationPlatforms) = preSolution
		Debug|Any CPU = Debug|Any CPU
		Release|Any CPU = Release|Any CPU
	EndGlobalSection
	GlobalSection(ProjectConfigurationPlatforms) = postSolution
		{8372549C-1999-4019-89A2-B6BC37291A66}.Debug|Any CPU.ActiveCfg = Debug|Any CPU
		{8372549C-1999-4019-89A2-B6BC37291A66}.Debug|Any CPU.Build.0 = Debug|Any CPU
		{8372549C-1999-4019-89A2-B6BC37291A66}.Release|Any CPU.ActiveCfg = Release|Any CPU
		{8372549C-1999-4019-89A2-B6BC37291A66}.Release|Any CPU.Build.0 = Release|Any CPU
	EndGlobalSection
	GlobalSection(SolutionProperties) = preSolution
		HideSolutionNode = FALSE
	EndGlobalSection
	GlobalSection(ExtensibilityGlobals) = postSolution
		SolutionGuid = {C2022E79-CA36-42C0-91E8-C69C3C745011}
	EndGlobalSection
EndGlobal
