
Microsoft Visual Studio Solution File, Format Version 12.00
# Visual Studio Version 17
VisualStudioVersion = 17.4.33213.308
MinimumVisualStudioVersion = 10.0.40219.1
Project("{FAE04EC0-301F-11D3-BF4B-00C04F79EFBC}") = "CAR", "CAR\CAR.csproj", "{272CBEFE-69B2-4C5F-80A2-3CFE4FBBD5FF}"
EndProject
Global
	GlobalSection(SolutionConfigurationPlatforms) = preSolution
		Debug|Any CPU = Debug|Any CPU
		Release|Any CPU = Release|Any CPU
	EndGlobalSection
	GlobalSection(ProjectConfigurationPlatforms) = postSolution
		{272CBEFE-69B2-4C5F-80A2-3CFE4FBBD5FF}.Debug|Any CPU.ActiveCfg = Debug|Any CPU
		{272CBEFE-69B2-4C5F-80A2-3CFE4FBBD5FF}.Debug|Any CPU.Build.0 = Debug|Any CPU
		{272CBEFE-69B2-4C5F-80A2-3CFE4FBBD5FF}.Release|Any CPU.ActiveCfg = Release|Any CPU
		{272CBEFE-69B2-4C5F-80A2-3CFE4FBBD5FF}.Release|Any CPU.Build.0 = Release|Any CPU
	EndGlobalSection
	GlobalSection(SolutionProperties) = preSolution
		HideSolutionNode = FALSE
	EndGlobalSection
	GlobalSection(ExtensibilityGlobals) = postSolution
		SolutionGuid = {6DE2AEE3-7EDD-4322-8309-1A66BFF390A0}
	EndGlobalSection
EndGlobal
