
Microsoft Visual Studio Solution File, Format Version 12.00
# Visual Studio Version 17
VisualStudioVersion = 17.4.33213.308
MinimumVisualStudioVersion = 10.0.40219.1
Project("{FAE04EC0-301F-11D3-BF4B-00C04F79EFBC}") = "Interface2", "Interface2\Interface2.csproj", "{66E50A89-541C-47C8-833E-C88414CD21DC}"
EndProject
Global
	GlobalSection(SolutionConfigurationPlatforms) = preSolution
		Debug|Any CPU = Debug|Any CPU
		Release|Any CPU = Release|Any CPU
	EndGlobalSection
	GlobalSection(ProjectConfigurationPlatforms) = postSolution
		{66E50A89-541C-47C8-833E-C88414CD21DC}.Debug|Any CPU.ActiveCfg = Debug|Any CPU
		{66E50A89-541C-47C8-833E-C88414CD21DC}.Debug|Any CPU.Build.0 = Debug|Any CPU
		{66E50A89-541C-47C8-833E-C88414CD21DC}.Release|Any CPU.ActiveCfg = Release|Any CPU
		{66E50A89-541C-47C8-833E-C88414CD21DC}.Release|Any CPU.Build.0 = Release|Any CPU
	EndGlobalSection
	GlobalSection(SolutionProperties) = preSolution
		HideSolutionNode = FALSE
	EndGlobalSection
	GlobalSection(ExtensibilityGlobals) = postSolution
		SolutionGuid = {78E601EF-6EDC-4157-8954-5C885AEB3658}
	EndGlobalSection
EndGlobal
