
Microsoft Visual Studio Solution File, Format Version 12.00
# Visual Studio Version 17
VisualStudioVersion = 17.4.33213.308
MinimumVisualStudioVersion = 10.0.40219.1
Project("{FAE04EC0-301F-11D3-BF4B-00C04F79EFBC}") = "Fort 7", "Fort 7\Fort 7.csproj", "{9710AF48-CD04-459D-A141-9626B1428E14}"
EndProject
Global
	GlobalSection(SolutionConfigurationPlatforms) = preSolution
		Debug|Any CPU = Debug|Any CPU
		Release|Any CPU = Release|Any CPU
	EndGlobalSection
	GlobalSection(ProjectConfigurationPlatforms) = postSolution
		{9710AF48-CD04-459D-A141-9626B1428E14}.Debug|Any CPU.ActiveCfg = Debug|Any CPU
		{9710AF48-CD04-459D-A141-9626B1428E14}.Debug|Any CPU.Build.0 = Debug|Any CPU
		{9710AF48-CD04-459D-A141-9626B1428E14}.Release|Any CPU.ActiveCfg = Release|Any CPU
		{9710AF48-CD04-459D-A141-9626B1428E14}.Release|Any CPU.Build.0 = Release|Any CPU
	EndGlobalSection
	GlobalSection(SolutionProperties) = preSolution
		HideSolutionNode = FALSE
	EndGlobalSection
	GlobalSection(ExtensibilityGlobals) = postSolution
		SolutionGuid = {E7F11C1D-107C-4FCA-A036-4BFAF85C4334}
	EndGlobalSection
EndGlobal
