
Microsoft Visual Studio Solution File, Format Version 12.00
# Visual Studio Version 17
VisualStudioVersion = 17.4.33213.308
MinimumVisualStudioVersion = 10.0.40219.1
Project("{FAE04EC0-301F-11D3-BF4B-00C04F79EFBC}") = "carx", "carx\carx.csproj", "{0E36F980-0EF8-497E-9CD4-45093E220048}"
EndProject
Global
	GlobalSection(SolutionConfigurationPlatforms) = preSolution
		Debug|Any CPU = Debug|Any CPU
		Release|Any CPU = Release|Any CPU
	EndGlobalSection
	GlobalSection(ProjectConfigurationPlatforms) = postSolution
		{0E36F980-0EF8-497E-9CD4-45093E220048}.Debug|Any CPU.ActiveCfg = Debug|Any CPU
		{0E36F980-0EF8-497E-9CD4-45093E220048}.Debug|Any CPU.Build.0 = Debug|Any CPU
		{0E36F980-0EF8-497E-9CD4-45093E220048}.Release|Any CPU.ActiveCfg = Release|Any CPU
		{0E36F980-0EF8-497E-9CD4-45093E220048}.Release|Any CPU.Build.0 = Release|Any CPU
	EndGlobalSection
	GlobalSection(SolutionProperties) = preSolution
		HideSolutionNode = FALSE
	EndGlobalSection
	GlobalSection(ExtensibilityGlobals) = postSolution
		SolutionGuid = {226D5E4E-7CB6-4F0D-85C9-A2EEF710F689}
	EndGlobalSection
EndGlobal
